{
  "nodes": {
    "nixpkgs": {
      "locked": {
        "lastModified": 1739446958,
        "narHash": "sha256-+/bYK3DbPxMIvSL4zArkMX0LQvS7rzBKXnDXLfKyRVc=",
        "owner": "nixos",
        "repo": "nixpkgs",
        "rev": "2ff53fe64443980e139eaa286017f53f88336dd0",
        "type": "github"
      },
      "original": {
        "owner": "nixos",
        "ref": "nixos-unstable",
        "repo": "nixpkgs",
        "type": "github"
      }
    },
    "root": {
      "inputs": {
        "nixpkgs": "nixpkgs",
        "waypoint-client-bin-x86_64-linux": "waypoint-client-bin-x86_64-linux"
      }
    },
    "waypoint-client-bin-x86_64-linux": {
      "flake": false,
      "locked": {
        "narHash": "sha256-Cunm0BfhL2qG8dsLias+yc0lHzDbBHldTK7LQhEQpJ0=",
        "type": "file",
        "url": "https://github.com/pennlabs/infrastructure/releases/download/v0.0.2.11/waypoint-client-linux-x86_64"
      },
      "original": {
        "type": "file",
        "url": "https://github.com/pennlabs/infrastructure/releases/download/v0.0.2.11/waypoint-client-linux-x86_64"
      }
    }
  },
  "root": "root",
  "version": 7
}
