{
  "nodes": {
    "nixpkgs": {
      "locked": {
        "lastModified": 1739214665,
        "narHash": "sha256-26L8VAu3/1YRxS8MHgBOyOM8xALdo6N0I04PgorE7UM=",
        "owner": "nixos",
        "repo": "nixpkgs",
        "rev": "64e75cd44acf21c7933d61d7721e812eac1b5a0a",
        "type": "github"
      },
      "original": {
        "owner": "nixos",
        "ref": "nixos-unstable",
        "repo": "nixpkgs",
        "type": "github"
      }
    },
    "root": {
      "inputs": {
        "nixpkgs": "nixpkgs",
        "waypoint-client-bin-linux_x86_64": "waypoint-client-bin-linux_x86_64"
      }
    },
    "waypoint-client-bin-linux_x86_64": {
      "flake": false,
      "locked": {
        "narHash": "sha256-Cunm0BfhL2qG8dsLias+yc0lHzDbBHldTK7LQhEQpJ0=",
        "type": "file",
        "url": "https://github.com/pennlabs/infrastructure/releases/download/v0.0.2.11/waypoint-client-linux-x86_64"
      },
      "original": {
        "type": "file",
        "url": "https://github.com/pennlabs/infrastructure/releases/download/v0.0.2.11/waypoint-client-linux-x86_64"
      }
    }
  },
  "root": "root",
  "version": 7
}
